// !$*UTF8*$!
{
	archiveVersion = 1;
	classes = {
	};
	objectVersion = 56;
	objects = {

/* Begin PBXBuildFile section */
		6E0A84CE2B6388A3009F05F6 /* AppDelegate.swift in Sources */ = {isa = PBXBuildFile; fileRef = 6E0A84CD2B6388A3009F05F6 /* AppDelegate.swift */; };
		6E0A84D02B6388A3009F05F6 /* SceneDelegate.swift in Sources */ = {isa = PBXBuildFile; fileRef = 6E0A84CF2B6388A3009F05F6 /* SceneDelegate.swift */; };
		6E0A84D22B6388A3009F05F6 /* ViewController.swift in Sources */ = {isa = PBXBuildFile; fileRef = 6E0A84D12B6388A3009F05F6 /* ViewController.swift */; };
		6E0A84D72B6388A4009F05F6 /* Assets.xcassets in Resources */ = {isa = PBXBuildFile; fileRef = 6E0A84D62B6388A4009F05F6 /* Assets.xcassets */; };
		6E0A84DA2B6388A4009F05F6 /* LaunchScreen.storyboard in Resources */ = {isa = PBXBuildFile; fileRef = 6E0A84D82B6388A4009F05F6 /* LaunchScreen.storyboard */; };
		6E0A84E22B6388B3009F05F6 /* README.md in Resources */ = {isa = PBXBuildFile; fileRef = 6E0A84E12B6388B3009F05F6 /* README.md */; };
		6E0A84EE2B639096009F05F6 /* Configurator+.swift in Sources */ = {isa = PBXBuildFile; fileRef = 6E0A84ED2B639096009F05F6 /* Configurator+.swift */; };
		6E0A84F72B6390DA009F05F6 /* BaseCollectionViewController.swift in Sources */ = {isa = PBXBuildFile; fileRef = 6E0A84F02B6390DA009F05F6 /* BaseCollectionViewController.swift */; };
		6E0A84F92B6390DA009F05F6 /* BaseViewController.swift in Sources */ = {isa = PBXBuildFile; fileRef = 6E0A84F22B6390DA009F05F6 /* BaseViewController.swift */; };
		6E0A84FA2B6390DA009F05F6 /* BaseTableViewCell.swift in Sources */ = {isa = PBXBuildFile; fileRef = 6E0A84F32B6390DA009F05F6 /* BaseTableViewCell.swift */; };
		6E0A84FB2B6390DA009F05F6 /* BaseTableViewController.swift in Sources */ = {isa = PBXBuildFile; fileRef = 6E0A84F42B6390DA009F05F6 /* BaseTableViewController.swift */; };
		6E0A84FC2B6390DA009F05F6 /* BaseCollectionViewCell.swift in Sources */ = {isa = PBXBuildFile; fileRef = 6E0A84F52B6390DA009F05F6 /* BaseCollectionViewCell.swift */; };
		6E0A85022B6398E7009F05F6 /* MainTabBarController.swift in Sources */ = {isa = PBXBuildFile; fileRef = 6E0A85012B6398E7009F05F6 /* MainTabBarController.swift */; };
		6E0A85042B639938009F05F6 /* MainTabBarPage.swift in Sources */ = {isa = PBXBuildFile; fileRef = 6E0A85032B639938009F05F6 /* MainTabBarPage.swift */; };
/* End PBXBuildFile section */

/* Begin PBXFileReference section */
		6E0A84CA2B6388A3009F05F6 /* SeSAC-Mission-CodeBased-Netflix.app */ = {isa = PBXFileReference; explicitFileType = wrapper.application; includeInIndex = 0; path = "SeSAC-Mission-CodeBased-Netflix.app"; sourceTree = BUILT_PRODUCTS_DIR; };
		6E0A84CD2B6388A3009F05F6 /* AppDelegate.swift */ = {isa = PBXFileReference; lastKnownFileType = sourcecode.swift; path = AppDelegate.swift; sourceTree = "<group>"; };
		6E0A84CF2B6388A3009F05F6 /* SceneDelegate.swift */ = {isa = PBXFileReference; lastKnownFileType = sourcecode.swift; path = SceneDelegate.swift; sourceTree = "<group>"; };
		6E0A84D12B6388A3009F05F6 /* ViewController.swift */ = {isa = PBXFileReference; lastKnownFileType = sourcecode.swift; path = ViewController.swift; sourceTree = "<group>"; };
		6E0A84D62B6388A4009F05F6 /* Assets.xcassets */ = {isa = PBXFileReference; lastKnownFileType = folder.assetcatalog; path = Assets.xcassets; sourceTree = "<group>"; };
		6E0A84D92B6388A4009F05F6 /* Base */ = {isa = PBXFileReference; lastKnownFileType = file.storyboard; name = Base; path = Base.lproj/LaunchScreen.storyboard; sourceTree = "<group>"; };
		6E0A84DB2B6388A4009F05F6 /* Info.plist */ = {isa = PBXFileReference; lastKnownFileType = text.plist.xml; path = Info.plist; sourceTree = "<group>"; };
		6E0A84E12B6388B3009F05F6 /* README.md */ = {isa = PBXFileReference; lastKnownFileType = net.daringfireball.markdown; path = README.md; sourceTree = "<group>"; };
		6E0A84ED2B639096009F05F6 /* Configurator+.swift */ = {isa = PBXFileReference; lastKnownFileType = sourcecode.swift; path = "Configurator+.swift"; sourceTree = "<group>"; };
		6E0A84F02B6390DA009F05F6 /* BaseCollectionViewController.swift */ = {isa = PBXFileReference; fileEncoding = 4; lastKnownFileType = sourcecode.swift; path = BaseCollectionViewController.swift; sourceTree = "<group>"; };
		6E0A84F22B6390DA009F05F6 /* BaseViewController.swift */ = {isa = PBXFileReference; fileEncoding = 4; lastKnownFileType = sourcecode.swift; path = BaseViewController.swift; sourceTree = "<group>"; };
		6E0A84F32B6390DA009F05F6 /* BaseTableViewCell.swift */ = {isa = PBXFileReference; fileEncoding = 4; lastKnownFileType = sourcecode.swift; path = BaseTableViewCell.swift; sourceTree = "<group>"; };
		6E0A84F42B6390DA009F05F6 /* BaseTableViewController.swift */ = {isa = PBXFileReference; fileEncoding = 4; lastKnownFileType = sourcecode.swift; path = BaseTableViewController.swift; sourceTree = "<group>"; };
		6E0A84F52B6390DA009F05F6 /* BaseCollectionViewCell.swift */ = {isa = PBXFileReference; fileEncoding = 4; lastKnownFileType = sourcecode.swift; path = BaseCollectionViewCell.swift; sourceTree = "<group>"; };
		6E0A85012B6398E7009F05F6 /* MainTabBarController.swift */ = {isa = PBXFileReference; lastKnownFileType = sourcecode.swift; path = MainTabBarController.swift; sourceTree = "<group>"; };
		6E0A85032B639938009F05F6 /* MainTabBarPage.swift */ = {isa = PBXFileReference; lastKnownFileType = sourcecode.swift; path = MainTabBarPage.swift; sourceTree = "<group>"; };
/* End PBXFileReference section */

/* Begin PBXFrameworksBuildPhase section */
		6E0A84C72B6388A3009F05F6 /* Frameworks */ = {
			isa = PBXFrameworksBuildPhase;
			buildActionMask = 2147483647;
			files = (
			);
			runOnlyForDeploymentPostprocessing = 0;
		};
/* End PBXFrameworksBuildPhase section */

/* Begin PBXGroup section */
		6E0A84C12B6388A3009F05F6 = {
			isa = PBXGroup;
			children = (
				6E0A84E12B6388B3009F05F6 /* README.md */,
				6E0A84CC2B6388A3009F05F6 /* SeSAC-Mission-CodeBased-Netflix */,
				6E0A84CB2B6388A3009F05F6 /* Products */,
			);
			sourceTree = "<group>";
		};
		6E0A84CB2B6388A3009F05F6 /* Products */ = {
			isa = PBXGroup;
			children = (
				6E0A84CA2B6388A3009F05F6 /* SeSAC-Mission-CodeBased-Netflix.app */,
			);
			name = Products;
			sourceTree = "<group>";
		};
		6E0A84CC2B6388A3009F05F6 /* SeSAC-Mission-CodeBased-Netflix */ = {
			isa = PBXGroup;
			children = (
				6E0A84E82B63906C009F05F6 /* Utility */,
				6E0A84E32B6389C1009F05F6 /* App */,
				6E0A84E52B638A15009F05F6 /* Presenter */,
			);
			path = "SeSAC-Mission-CodeBased-Netflix";
			sourceTree = "<group>";
		};
		6E0A84E32B6389C1009F05F6 /* App */ = {
			isa = PBXGroup;
			children = (
				6E0A84CD2B6388A3009F05F6 /* AppDelegate.swift */,
				6E0A84CF2B6388A3009F05F6 /* SceneDelegate.swift */,
				6E0A84D62B6388A4009F05F6 /* Assets.xcassets */,
				6E0A84DB2B6388A4009F05F6 /* Info.plist */,
			);
			path = App;
			sourceTree = "<group>";
		};
		6E0A84E52B638A15009F05F6 /* Presenter */ = {
			isa = PBXGroup;
			children = (
				6E0A84EF2B6390DA009F05F6 /* Base */,
				6E0A85002B6398CD009F05F6 /* TabBar */,
				6E0A84D82B6388A4009F05F6 /* LaunchScreen.storyboard */,
				6E0A84D12B6388A3009F05F6 /* ViewController.swift */,
			);
			path = Presenter;
			sourceTree = "<group>";
		};
		6E0A84E82B63906C009F05F6 /* Utility */ = {
			isa = PBXGroup;
			children = (
				6E0A84EC2B639089009F05F6 /* Extension */,
			);
			path = Utility;
			sourceTree = "<group>";
		};
		6E0A84EC2B639089009F05F6 /* Extension */ = {
			isa = PBXGroup;
			children = (
				6E0A84ED2B639096009F05F6 /* Configurator+.swift */,
			);
			path = Extension;
			sourceTree = "<group>";
		};
		6E0A84EF2B6390DA009F05F6 /* Base */ = {
			isa = PBXGroup;
			children = (
				6E0A84F52B6390DA009F05F6 /* BaseCollectionViewCell.swift */,
				6E0A84F02B6390DA009F05F6 /* BaseCollectionViewController.swift */,
				6E0A84F32B6390DA009F05F6 /* BaseTableViewCell.swift */,
				6E0A84F42B6390DA009F05F6 /* BaseTableViewController.swift */,
				6E0A84F22B6390DA009F05F6 /* BaseViewController.swift */,
			);
			path = Base;
			sourceTree = "<group>";
		};
		6E0A85002B6398CD009F05F6 /* TabBar */ = {
			isa = PBXGroup;
			children = (
				6E0A85012B6398E7009F05F6 /* MainTabBarController.swift */,
				6E0A85032B639938009F05F6 /* MainTabBarPage.swift */,
			);
			path = TabBar;
			sourceTree = "<group>";
		};
/* End PBXGroup section */

/* Begin PBXNativeTarget section */
		6E0A84C92B6388A3009F05F6 /* SeSAC-Mission-CodeBased-Netflix */ = {
			isa = PBXNativeTarget;
			buildConfigurationList = 6E0A84DE2B6388A4009F05F6 /* Build configuration list for PBXNativeTarget "SeSAC-Mission-CodeBased-Netflix" */;
			buildPhases = (
				6E0A84C62B6388A3009F05F6 /* Sources */,
				6E0A84C72B6388A3009F05F6 /* Frameworks */,
				6E0A84C82B6388A3009F05F6 /* Resources */,
			);
			buildRules = (
			);
			dependencies = (
			);
			name = "SeSAC-Mission-CodeBased-Netflix";
			productName = "SeSAC-Mission-CodeBased-Netflix";
			productReference = 6E0A84CA2B6388A3009F05F6 /* SeSAC-Mission-CodeBased-Netflix.app */;
			productType = "com.apple.product-type.application";
		};
/* End PBXNativeTarget section */

/* Begin PBXProject section */
		6E0A84C22B6388A3009F05F6 /* Project object */ = {
			isa = PBXProject;
			attributes = {
				BuildIndependentTargetsInParallel = 1;
				LastSwiftUpdateCheck = 1520;
				LastUpgradeCheck = 1520;
				TargetAttributes = {
					6E0A84C92B6388A3009F05F6 = {
						CreatedOnToolsVersion = 15.2;
					};
				};
			};
			buildConfigurationList = 6E0A84C52B6388A3009F05F6 /* Build configuration list for PBXProject "SeSAC-Mission-CodeBased-Netflix" */;
			compatibilityVersion = "Xcode 14.0";
			developmentRegion = en;
			hasScannedForEncodings = 0;
			knownRegions = (
				en,
				Base,
			);
			mainGroup = 6E0A84C12B6388A3009F05F6;
			productRefGroup = 6E0A84CB2B6388A3009F05F6 /* Products */;
			projectDirPath = "";
			projectRoot = "";
			targets = (
				6E0A84C92B6388A3009F05F6 /* SeSAC-Mission-CodeBased-Netflix */,
			);
		};
/* End PBXProject section */

/* Begin PBXResourcesBuildPhase section */
		6E0A84C82B6388A3009F05F6 /* Resources */ = {
			isa = PBXResourcesBuildPhase;
			buildActionMask = 2147483647;
			files = (
				6E0A84DA2B6388A4009F05F6 /* LaunchScreen.storyboard in Resources */,
				6E0A84D72B6388A4009F05F6 /* Assets.xcassets in Resources */,
				6E0A84E22B6388B3009F05F6 /* README.md in Resources */,
			);
			runOnlyForDeploymentPostprocessing = 0;
		};
/* End PBXResourcesBuildPhase section */

/* Begin PBXSourcesBuildPhase section */
		6E0A84C62B6388A3009F05F6 /* Sources */ = {
			isa = PBXSourcesBuildPhase;
			buildActionMask = 2147483647;
			files = (
				6E0A84FB2B6390DA009F05F6 /* BaseTableViewController.swift in Sources */,
				6E0A84FA2B6390DA009F05F6 /* BaseTableViewCell.swift in Sources */,
				6E0A85022B6398E7009F05F6 /* MainTabBarController.swift in Sources */,
				6E0A84EE2B639096009F05F6 /* Configurator+.swift in Sources */,
				6E0A85042B639938009F05F6 /* MainTabBarPage.swift in Sources */,
				6E0A84D22B6388A3009F05F6 /* ViewController.swift in Sources */,
				6E0A84FC2B6390DA009F05F6 /* BaseCollectionViewCell.swift in Sources */,
				6E0A84CE2B6388A3009F05F6 /* AppDelegate.swift in Sources */,
				6E0A84D02B6388A3009F05F6 /* SceneDelegate.swift in Sources */,
				6E0A84F92B6390DA009F05F6 /* BaseViewController.swift in Sources */,
				6E0A84F72B6390DA009F05F6 /* BaseCollectionViewController.swift in Sources */,
			);
			runOnlyForDeploymentPostprocessing = 0;
		};
/* End PBXSourcesBuildPhase section */

/* Begin PBXVariantGroup section */
		6E0A84D82B6388A4009F05F6 /* LaunchScreen.storyboard */ = {
			isa = PBXVariantGroup;
			children = (
				6E0A84D92B6388A4009F05F6 /* Base */,
			);
			name = LaunchScreen.storyboard;
			sourceTree = "<group>";
		};
/* End PBXVariantGroup section */

/* Begin XCBuildConfiguration section */
		6E0A84DC2B6388A4009F05F6 /* Debug */ = {
			isa = XCBuildConfiguration;
			buildSettings = {
				ALWAYS_SEARCH_USER_PATHS = NO;
				ASSETCATALOG_COMPILER_GENERATE_SWIFT_ASSET_SYMBOL_EXTENSIONS = YES;
				CLANG_ANALYZER_NONNULL = YES;
				CLANG_ANALYZER_NUMBER_OBJECT_CONVERSION = YES_AGGRESSIVE;
				CLANG_CXX_LANGUAGE_STANDARD = "gnu++20";
				CLANG_ENABLE_MODULES = YES;
				CLANG_ENABLE_OBJC_ARC = YES;
				CLANG_ENABLE_OBJC_WEAK = YES;
				CLANG_WARN_BLOCK_CAPTURE_AUTORELEASING = YES;
				CLANG_WARN_BOOL_CONVERSION = YES;
				CLANG_WARN_COMMA = YES;
				CLANG_WARN_CONSTANT_CONVERSION = YES;
				CLANG_WARN_DEPRECATED_OBJC_IMPLEMENTATIONS = YES;
				CLANG_WARN_DIRECT_OBJC_ISA_USAGE = YES_ERROR;
				CLANG_WARN_DOCUMENTATION_COMMENTS = YES;
				CLANG_WARN_EMPTY_BODY = YES;
				CLANG_WARN_ENUM_CONVERSION = YES;
				CLANG_WARN_INFINITE_RECURSION = YES;
				CLANG_WARN_INT_CONVERSION = YES;
				CLANG_WARN_NON_LITERAL_NULL_CONVERSION = YES;
				CLANG_WARN_OBJC_IMPLICIT_RETAIN_SELF = YES;
				CLANG_WARN_OBJC_LITERAL_CONVERSION = YES;
				CLANG_WARN_OBJC_ROOT_CLASS = YES_ERROR;
				CLANG_WARN_QUOTED_INCLUDE_IN_FRAMEWORK_HEADER = YES;
				CLANG_WARN_RANGE_LOOP_ANALYSIS = YES;
				CLANG_WARN_STRICT_PROTOTYPES = YES;
				CLANG_WARN_SUSPICIOUS_MOVE = YES;
				CLANG_WARN_UNGUARDED_AVAILABILITY = YES_AGGRESSIVE;
				CLANG_WARN_UNREACHABLE_CODE = YES;
				CLANG_WARN__DUPLICATE_METHOD_MATCH = YES;
				COPY_PHASE_STRIP = NO;
				DEBUG_INFORMATION_FORMAT = dwarf;
				ENABLE_STRICT_OBJC_MSGSEND = YES;
				ENABLE_TESTABILITY = YES;
				ENABLE_USER_SCRIPT_SANDBOXING = YES;
				GCC_C_LANGUAGE_STANDARD = gnu17;
				GCC_DYNAMIC_NO_PIC = NO;
				GCC_NO_COMMON_BLOCKS = YES;
				GCC_OPTIMIZATION_LEVEL = 0;
				GCC_PREPROCESSOR_DEFINITIONS = (
					"DEBUG=1",
					"$(inherited)",
				);
				GCC_WARN_64_TO_32_BIT_CONVERSION = YES;
				GCC_WARN_ABOUT_RETURN_TYPE = YES_ERROR;
				GCC_WARN_UNDECLARED_SELECTOR = YES;
				GCC_WARN_UNINITIALIZED_AUTOS = YES_AGGRESSIVE;
				GCC_WARN_UNUSED_FUNCTION = YES;
				GCC_WARN_UNUSED_VARIABLE = YES;
				IPHONEOS_DEPLOYMENT_TARGET = 17.2;
				LOCALIZATION_PREFERS_STRING_CATALOGS = YES;
				MTL_ENABLE_DEBUG_INFO = INCLUDE_SOURCE;
				MTL_FAST_MATH = YES;
				ONLY_ACTIVE_ARCH = YES;
				SDKROOT = iphoneos;
				SWIFT_ACTIVE_COMPILATION_CONDITIONS = "DEBUG $(inherited)";
				SWIFT_OPTIMIZATION_LEVEL = "-Onone";
			};
			name = Debug;
		};
		6E0A84DD2B6388A4009F05F6 /* Release */ = {
			isa = XCBuildConfiguration;
			buildSettings = {
				ALWAYS_SEARCH_USER_PATHS = NO;
				ASSETCATALOG_COMPILER_GENERATE_SWIFT_ASSET_SYMBOL_EXTENSIONS = YES;
				CLANG_ANALYZER_NONNULL = YES;
				CLANG_ANALYZER_NUMBER_OBJECT_CONVERSION = YES_AGGRESSIVE;
				CLANG_CXX_LANGUAGE_STANDARD = "gnu++20";
				CLANG_ENABLE_MODULES = YES;
				CLANG_ENABLE_OBJC_ARC = YES;
				CLANG_ENABLE_OBJC_WEAK = YES;
				CLANG_WARN_BLOCK_CAPTURE_AUTORELEASING = YES;
				CLANG_WARN_BOOL_CONVERSION = YES;
				CLANG_WARN_COMMA = YES;
				CLANG_WARN_CONSTANT_CONVERSION = YES;
				CLANG_WARN_DEPRECATED_OBJC_IMPLEMENTATIONS = YES;
				CLANG_WARN_DIRECT_OBJC_ISA_USAGE = YES_ERROR;
				CLANG_WARN_DOCUMENTATION_COMMENTS = YES;
				CLANG_WARN_EMPTY_BODY = YES;
				CLANG_WARN_ENUM_CONVERSION = YES;
				CLANG_WARN_INFINITE_RECURSION = YES;
				CLANG_WARN_INT_CONVERSION = YES;
				CLANG_WARN_NON_LITERAL_NULL_CONVERSION = YES;
				CLANG_WARN_OBJC_IMPLICIT_RETAIN_SELF = YES;
				CLANG_WARN_OBJC_LITERAL_CONVERSION = YES;
				CLANG_WARN_OBJC_ROOT_CLASS = YES_ERROR;
				CLANG_WARN_QUOTED_INCLUDE_IN_FRAMEWORK_HEADER = YES;
				CLANG_WARN_RANGE_LOOP_ANALYSIS = YES;
				CLANG_WARN_STRICT_PROTOTYPES = YES;
				CLANG_WARN_SUSPICIOUS_MOVE = YES;
				CLANG_WARN_UNGUARDED_AVAILABILITY = YES_AGGRESSIVE;
				CLANG_WARN_UNREACHABLE_CODE = YES;
				CLANG_WARN__DUPLICATE_METHOD_MATCH = YES;
				COPY_PHASE_STRIP = NO;
				DEBUG_INFORMATION_FORMAT = "dwarf-with-dsym";
				ENABLE_NS_ASSERTIONS = NO;
				ENABLE_STRICT_OBJC_MSGSEND = YES;
				ENABLE_USER_SCRIPT_SANDBOXING = YES;
				GCC_C_LANGUAGE_STANDARD = gnu17;
				GCC_NO_COMMON_BLOCKS = YES;
				GCC_WARN_64_TO_32_BIT_CONVERSION = YES;
				GCC_WARN_ABOUT_RETURN_TYPE = YES_ERROR;
				GCC_WARN_UNDECLARED_SELECTOR = YES;
				GCC_WARN_UNINITIALIZED_AUTOS = YES_AGGRESSIVE;
				GCC_WARN_UNUSED_FUNCTION = YES;
				GCC_WARN_UNUSED_VARIABLE = YES;
				IPHONEOS_DEPLOYMENT_TARGET = 17.2;
				LOCALIZATION_PREFERS_STRING_CATALOGS = YES;
				MTL_ENABLE_DEBUG_INFO = NO;
				MTL_FAST_MATH = YES;
				SDKROOT = iphoneos;
				SWIFT_COMPILATION_MODE = wholemodule;
				VALIDATE_PRODUCT = YES;
			};
			name = Release;
		};
		6E0A84DF2B6388A4009F05F6 /* Debug */ = {
			isa = XCBuildConfiguration;
			buildSettings = {
				ASSETCATALOG_COMPILER_APPICON_NAME = AppIcon;
				ASSETCATALOG_COMPILER_GLOBAL_ACCENT_COLOR_NAME = AccentColor;
				CODE_SIGN_STYLE = Automatic;
				CURRENT_PROJECT_VERSION = 1;
				DEVELOPMENT_TEAM = 75QZ7682T2;
				GENERATE_INFOPLIST_FILE = YES;
				INFOPLIST_FILE = "SeSAC-Mission-CodeBased-Netflix/App/Info.plist";
				INFOPLIST_KEY_UIApplicationSupportsIndirectInputEvents = YES;
				INFOPLIST_KEY_UILaunchStoryboardName = LaunchScreen;
				INFOPLIST_KEY_UISupportedInterfaceOrientations = UIInterfaceOrientationPortrait;
				LD_RUNPATH_SEARCH_PATHS = (
					"$(inherited)",
					"@executable_path/Frameworks",
				);
				MARKETING_VERSION = 1.0;
				PRODUCT_BUNDLE_IDENTIFIER = "com.Kaz.SeSAC-Mission-CodeBased-Netflix";
				PRODUCT_NAME = "$(TARGET_NAME)";
				SWIFT_EMIT_LOC_STRINGS = YES;
				SWIFT_VERSION = 5.0;
				TARGETED_DEVICE_FAMILY = "1,2";
			};
			name = Debug;
		};
		6E0A84E02B6388A4009F05F6 /* Release */ = {
			isa = XCBuildConfiguration;
			buildSettings = {
				ASSETCATALOG_COMPILER_APPICON_NAME = AppIcon;
				ASSETCATALOG_COMPILER_GLOBAL_ACCENT_COLOR_NAME = AccentColor;
				CODE_SIGN_STYLE = Automatic;
				CURRENT_PROJECT_VERSION = 1;
				DEVELOPMENT_TEAM = 75QZ7682T2;
				GENERATE_INFOPLIST_FILE = YES;
				INFOPLIST_FILE = "SeSAC-Mission-CodeBased-Netflix/App/Info.plist";
				INFOPLIST_KEY_UIApplicationSupportsIndirectInputEvents = YES;
				INFOPLIST_KEY_UILaunchStoryboardName = LaunchScreen;
				INFOPLIST_KEY_UISupportedInterfaceOrientations = UIInterfaceOrientationPortrait;
				LD_RUNPATH_SEARCH_PATHS = (
					"$(inherited)",
					"@executable_path/Frameworks",
				);
				MARKETING_VERSION = 1.0;
				PRODUCT_BUNDLE_IDENTIFIER = "com.Kaz.SeSAC-Mission-CodeBased-Netflix";
				PRODUCT_NAME = "$(TARGET_NAME)";
				SWIFT_EMIT_LOC_STRINGS = YES;
				SWIFT_VERSION = 5.0;
				TARGETED_DEVICE_FAMILY = "1,2";
			};
			name = Release;
		};
/* End XCBuildConfiguration section */

/* Begin XCConfigurationList section */
		6E0A84C52B6388A3009F05F6 /* Build configuration list for PBXProject "SeSAC-Mission-CodeBased-Netflix" */ = {
			isa = XCConfigurationList;
			buildConfigurations = (
				6E0A84DC2B6388A4009F05F6 /* Debug */,
				6E0A84DD2B6388A4009F05F6 /* Release */,
			);
			defaultConfigurationIsVisible = 0;
			defaultConfigurationName = Release;
		};
		6E0A84DE2B6388A4009F05F6 /* Build configuration list for PBXNativeTarget "SeSAC-Mission-CodeBased-Netflix" */ = {
			isa = XCConfigurationList;
			buildConfigurations = (
				6E0A84DF2B6388A4009F05F6 /* Debug */,
				6E0A84E02B6388A4009F05F6 /* Release */,
			);
			defaultConfigurationIsVisible = 0;
			defaultConfigurationName = Release;
		};
/* End XCConfigurationList section */
	};
	rootObject = 6E0A84C22B6388A3009F05F6 /* Project object */;
}
